
Microsoft Visual Studio Solution File, Format Version 12.00
# Visual Studio Version 17
VisualStudioVersion = 17.11.35222.181
MinimumVisualStudioVersion = 10.0.40219.1
Project("{FAE04EC0-301F-11D3-BF4B-00C04F79EFBC}") = "ProductCatalog", "ProductCatalog\ProductCatalog.csproj", "{A5736C06-A405-4927-846F-DF5BC1BA7217}"
EndProject
Global
	GlobalSection(SolutionConfigurationPlatforms) = preSolution
		Debug|Any CPU = Debug|Any CPU
		Release|Any CPU = Release|Any CPU
	EndGlobalSection
	GlobalSection(ProjectConfigurationPlatforms) = postSolution
		{A5736C06-A405-4927-846F-DF5BC1BA7217}.Debug|Any CPU.ActiveCfg = Debug|Any CPU
		{A5736C06-A405-4927-846F-DF5BC1BA7217}.Debug|Any CPU.Build.0 = Debug|Any CPU
		{A5736C06-A405-4927-846F-DF5BC1BA7217}.Release|Any CPU.ActiveCfg = Release|Any CPU
		{A5736C06-A405-4927-846F-DF5BC1BA7217}.Release|Any CPU.Build.0 = Release|Any CPU
	EndGlobalSection
	GlobalSection(SolutionProperties) = preSolution
		HideSolutionNode = FALSE
	EndGlobalSection
	GlobalSection(ExtensibilityGlobals) = postSolution
		SolutionGuid = {DA21D133-1B1C-4594-B1EF-5EEE06A7CF88}
	EndGlobalSection
EndGlobal
